
Microsoft Visual Studio Solution File, Format Version 12.00
# Visual Studio Version 16
VisualStudioVersion = 16.0.29728.190
MinimumVisualStudioVersion = 10.0.40219.1
Project("{9A19103F-16F7-4668-BE54-9A1E7A4F7556}") = "Accounts.Service", "Accounts.Service\Accounts.Service.csproj", "{F8BE6B12-C219-495F-ADA0-9AE3F7C8B53F}"
EndProject
Project("{9A19103F-16F7-4668-BE54-9A1E7A4F7556}") = "Accounts.Domain", "Accounts.Domain\Accounts.Domain.csproj", "{9DCDD8B9-D02A-44D2-9EAB-ED3A3620E795}"
EndProject
Project("{9A19103F-16F7-4668-BE54-9A1E7A4F7556}") = "Accounts.Infrastructure", "Accounts.Infrastructure\Accounts.Infrastructure.csproj", "{E0F18654-64AE-4E2E-9B06-A8416CA26CEF}"
EndProject
Project("{2150E333-8FDC-42A3-9474-1A3956D46DE8}") = "Solution Items", "Solution Items", "{9D9A5F45-2BF8-4FE0-AA1B-8B557F9436F8}"
	ProjectSection(SolutionItems) = preProject
		.editorconfig = .editorconfig
	EndProjectSection
EndProject
Project("{9A19103F-16F7-4668-BE54-9A1E7A4F7556}") = "Accounts.Application", "Accounts.Application\Accounts.Application.csproj", "{612DA5CD-0B2A-40ED-9097-73339FB1EDD5}"
EndProject
Project("{2150E333-8FDC-42A3-9474-1A3956D46DE8}") = "src", "src", "{C889804C-99FF-4BB4-893C-0A5BE522E806}"
EndProject
Project("{2150E333-8FDC-42A3-9474-1A3956D46DE8}") = "Accounts", "Accounts", "{5E52A7A4-3D0F-414C-AC66-B879AFE6ADA6}"
EndProject
Project("{9A19103F-16F7-4668-BE54-9A1E7A4F7556}") = "CommonLibrary", "CommonLibrary\CommonLibrary.csproj", "{29B592F4-0ECC-43CE-B04C-7D54AEDD34BE}"
EndProject
Project("{2150E333-8FDC-42A3-9474-1A3956D46DE8}") = "Addresses", "Addresses", "{48F51104-C1A9-46D7-B0F0-9C7889B5AA36}"
EndProject
Project("{9A19103F-16F7-4668-BE54-9A1E7A4F7556}") = "Addresses.Service", "Addresses.Service\Addresses.Service.csproj", "{F909E448-3339-4882-AB2A-F69889CF5A56}"
EndProject
Project("{9A19103F-16F7-4668-BE54-9A1E7A4F7556}") = "Addresses.Domain", "Addresses.Domain\Addresses.Domain.csproj", "{D6992250-73FB-4C7B-94BB-C4DF2D6F6614}"
EndProject
Project("{9A19103F-16F7-4668-BE54-9A1E7A4F7556}") = "Addresses.Application", "Addresses.Application\Addresses.Application.csproj", "{34869411-76C3-49E9-900D-E2A8A047D48A}"
EndProject
Project("{9A19103F-16F7-4668-BE54-9A1E7A4F7556}") = "Addresses.Infrastructure", "Addresses.Infrastructure\Addresses.Infrastructure.csproj", "{2671DDDC-1411-4F73-B4CF-397EA69B2FD8}"
EndProject
Project("{E53339B2-1760-4266-BCC7-CA923CBCF16C}") = "docker-compose", "docker-compose.dcproj", "{74A6CB6A-1BED-4E21-B52B-FCBC42A06C0C}"
EndProject
Project("{9A19103F-16F7-4668-BE54-9A1E7A4F7556}") = "Addresses.SharedLibrary", "Addresses.SharedLibrary\Addresses.SharedLibrary.csproj", "{48661F77-BD1B-4EF0-A093-B2A3F4E474C1}"
EndProject
Project("{9A19103F-16F7-4668-BE54-9A1E7A4F7556}") = "Addresses.Api", "Addresses.Api\Addresses.Api.csproj", "{E4A8C4C9-CE71-4D6C-BB75-60D01811F1C8}"
EndProject
Project("{FAE04EC0-301F-11D3-BF4B-00C04F79EFBC}") = "Accounts.Api", "Accounts.Api\Accounts.Api.csproj", "{293FC6D5-17B7-4893-916B-F6D6ABDA49AA}"
EndProject
Project("{FAE04EC0-301F-11D3-BF4B-00C04F79EFBC}") = "Accounts.SharedLibrary", "Accounts.SharedLibrary\Accounts.SharedLibrary.csproj", "{792497E1-9385-4258-8AF0-B9EFBBB21BB4}"
EndProject
Global
	GlobalSection(SolutionConfigurationPlatforms) = preSolution
		Debug|Any CPU = Debug|Any CPU
		Release|Any CPU = Release|Any CPU
	EndGlobalSection
	GlobalSection(ProjectConfigurationPlatforms) = postSolution
		{F8BE6B12-C219-495F-ADA0-9AE3F7C8B53F}.Debug|Any CPU.ActiveCfg = Debug|Any CPU
		{F8BE6B12-C219-495F-ADA0-9AE3F7C8B53F}.Debug|Any CPU.Build.0 = Debug|Any CPU
		{F8BE6B12-C219-495F-ADA0-9AE3F7C8B53F}.Release|Any CPU.ActiveCfg = Release|Any CPU
		{F8BE6B12-C219-495F-ADA0-9AE3F7C8B53F}.Release|Any CPU.Build.0 = Release|Any CPU
		{9DCDD8B9-D02A-44D2-9EAB-ED3A3620E795}.Debug|Any CPU.ActiveCfg = Debug|Any CPU
		{9DCDD8B9-D02A-44D2-9EAB-ED3A3620E795}.Debug|Any CPU.Build.0 = Debug|Any CPU
		{9DCDD8B9-D02A-44D2-9EAB-ED3A3620E795}.Release|Any CPU.ActiveCfg = Release|Any CPU
		{9DCDD8B9-D02A-44D2-9EAB-ED3A3620E795}.Release|Any CPU.Build.0 = Release|Any CPU
		{E0F18654-64AE-4E2E-9B06-A8416CA26CEF}.Debug|Any CPU.ActiveCfg = Debug|Any CPU
		{E0F18654-64AE-4E2E-9B06-A8416CA26CEF}.Debug|Any CPU.Build.0 = Debug|Any CPU
		{E0F18654-64AE-4E2E-9B06-A8416CA26CEF}.Release|Any CPU.ActiveCfg = Release|Any CPU
		{E0F18654-64AE-4E2E-9B06-A8416CA26CEF}.Release|Any CPU.Build.0 = Release|Any CPU
		{612DA5CD-0B2A-40ED-9097-73339FB1EDD5}.Debug|Any CPU.ActiveCfg = Debug|Any CPU
		{612DA5CD-0B2A-40ED-9097-73339FB1EDD5}.Debug|Any CPU.Build.0 = Debug|Any CPU
		{612DA5CD-0B2A-40ED-9097-73339FB1EDD5}.Release|Any CPU.ActiveCfg = Release|Any CPU
		{612DA5CD-0B2A-40ED-9097-73339FB1EDD5}.Release|Any CPU.Build.0 = Release|Any CPU
		{29B592F4-0ECC-43CE-B04C-7D54AEDD34BE}.Debug|Any CPU.ActiveCfg = Debug|Any CPU
		{29B592F4-0ECC-43CE-B04C-7D54AEDD34BE}.Debug|Any CPU.Build.0 = Debug|Any CPU
		{29B592F4-0ECC-43CE-B04C-7D54AEDD34BE}.Release|Any CPU.ActiveCfg = Release|Any CPU
		{29B592F4-0ECC-43CE-B04C-7D54AEDD34BE}.Release|Any CPU.Build.0 = Release|Any CPU
		{F909E448-3339-4882-AB2A-F69889CF5A56}.Debug|Any CPU.ActiveCfg = Debug|Any CPU
		{F909E448-3339-4882-AB2A-F69889CF5A56}.Debug|Any CPU.Build.0 = Debug|Any CPU
		{F909E448-3339-4882-AB2A-F69889CF5A56}.Release|Any CPU.ActiveCfg = Release|Any CPU
		{F909E448-3339-4882-AB2A-F69889CF5A56}.Release|Any CPU.Build.0 = Release|Any CPU
		{D6992250-73FB-4C7B-94BB-C4DF2D6F6614}.Debug|Any CPU.ActiveCfg = Debug|Any CPU
		{D6992250-73FB-4C7B-94BB-C4DF2D6F6614}.Debug|Any CPU.Build.0 = Debug|Any CPU
		{D6992250-73FB-4C7B-94BB-C4DF2D6F6614}.Release|Any CPU.ActiveCfg = Release|Any CPU
		{D6992250-73FB-4C7B-94BB-C4DF2D6F6614}.Release|Any CPU.Build.0 = Release|Any CPU
		{34869411-76C3-49E9-900D-E2A8A047D48A}.Debug|Any CPU.ActiveCfg = Debug|Any CPU
		{34869411-76C3-49E9-900D-E2A8A047D48A}.Debug|Any CPU.Build.0 = Debug|Any CPU
		{34869411-76C3-49E9-900D-E2A8A047D48A}.Release|Any CPU.ActiveCfg = Release|Any CPU
		{34869411-76C3-49E9-900D-E2A8A047D48A}.Release|Any CPU.Build.0 = Release|Any CPU
		{2671DDDC-1411-4F73-B4CF-397EA69B2FD8}.Debug|Any CPU.ActiveCfg = Debug|Any CPU
		{2671DDDC-1411-4F73-B4CF-397EA69B2FD8}.Debug|Any CPU.Build.0 = Debug|Any CPU
		{2671DDDC-1411-4F73-B4CF-397EA69B2FD8}.Release|Any CPU.ActiveCfg = Release|Any CPU
		{2671DDDC-1411-4F73-B4CF-397EA69B2FD8}.Release|Any CPU.Build.0 = Release|Any CPU
		{74A6CB6A-1BED-4E21-B52B-FCBC42A06C0C}.Debug|Any CPU.ActiveCfg = Debug|Any CPU
		{74A6CB6A-1BED-4E21-B52B-FCBC42A06C0C}.Debug|Any CPU.Build.0 = Debug|Any CPU
		{74A6CB6A-1BED-4E21-B52B-FCBC42A06C0C}.Release|Any CPU.ActiveCfg = Release|Any CPU
		{74A6CB6A-1BED-4E21-B52B-FCBC42A06C0C}.Release|Any CPU.Build.0 = Release|Any CPU
		{48661F77-BD1B-4EF0-A093-B2A3F4E474C1}.Debug|Any CPU.ActiveCfg = Debug|Any CPU
		{48661F77-BD1B-4EF0-A093-B2A3F4E474C1}.Debug|Any CPU.Build.0 = Debug|Any CPU
		{48661F77-BD1B-4EF0-A093-B2A3F4E474C1}.Release|Any CPU.ActiveCfg = Release|Any CPU
		{48661F77-BD1B-4EF0-A093-B2A3F4E474C1}.Release|Any CPU.Build.0 = Release|Any CPU
		{E4A8C4C9-CE71-4D6C-BB75-60D01811F1C8}.Debug|Any CPU.ActiveCfg = Debug|Any CPU
		{E4A8C4C9-CE71-4D6C-BB75-60D01811F1C8}.Debug|Any CPU.Build.0 = Debug|Any CPU
		{E4A8C4C9-CE71-4D6C-BB75-60D01811F1C8}.Release|Any CPU.ActiveCfg = Release|Any CPU
		{E4A8C4C9-CE71-4D6C-BB75-60D01811F1C8}.Release|Any CPU.Build.0 = Release|Any CPU
		{293FC6D5-17B7-4893-916B-F6D6ABDA49AA}.Debug|Any CPU.ActiveCfg = Debug|Any CPU
		{293FC6D5-17B7-4893-916B-F6D6ABDA49AA}.Debug|Any CPU.Build.0 = Debug|Any CPU
		{293FC6D5-17B7-4893-916B-F6D6ABDA49AA}.Release|Any CPU.ActiveCfg = Release|Any CPU
		{293FC6D5-17B7-4893-916B-F6D6ABDA49AA}.Release|Any CPU.Build.0 = Release|Any CPU
		{792497E1-9385-4258-8AF0-B9EFBBB21BB4}.Debug|Any CPU.ActiveCfg = Debug|Any CPU
		{792497E1-9385-4258-8AF0-B9EFBBB21BB4}.Debug|Any CPU.Build.0 = Debug|Any CPU
		{792497E1-9385-4258-8AF0-B9EFBBB21BB4}.Release|Any CPU.ActiveCfg = Release|Any CPU
		{792497E1-9385-4258-8AF0-B9EFBBB21BB4}.Release|Any CPU.Build.0 = Release|Any CPU
	EndGlobalSection
	GlobalSection(SolutionProperties) = preSolution
		HideSolutionNode = FALSE
	EndGlobalSection
	GlobalSection(NestedProjects) = preSolution
		{F8BE6B12-C219-495F-ADA0-9AE3F7C8B53F} = {5E52A7A4-3D0F-414C-AC66-B879AFE6ADA6}
		{9DCDD8B9-D02A-44D2-9EAB-ED3A3620E795} = {5E52A7A4-3D0F-414C-AC66-B879AFE6ADA6}
		{E0F18654-64AE-4E2E-9B06-A8416CA26CEF} = {5E52A7A4-3D0F-414C-AC66-B879AFE6ADA6}
		{612DA5CD-0B2A-40ED-9097-73339FB1EDD5} = {5E52A7A4-3D0F-414C-AC66-B879AFE6ADA6}
		{5E52A7A4-3D0F-414C-AC66-B879AFE6ADA6} = {C889804C-99FF-4BB4-893C-0A5BE522E806}
		{29B592F4-0ECC-43CE-B04C-7D54AEDD34BE} = {C889804C-99FF-4BB4-893C-0A5BE522E806}
		{48F51104-C1A9-46D7-B0F0-9C7889B5AA36} = {C889804C-99FF-4BB4-893C-0A5BE522E806}
		{F909E448-3339-4882-AB2A-F69889CF5A56} = {48F51104-C1A9-46D7-B0F0-9C7889B5AA36}
		{D6992250-73FB-4C7B-94BB-C4DF2D6F6614} = {48F51104-C1A9-46D7-B0F0-9C7889B5AA36}
		{34869411-76C3-49E9-900D-E2A8A047D48A} = {48F51104-C1A9-46D7-B0F0-9C7889B5AA36}
		{2671DDDC-1411-4F73-B4CF-397EA69B2FD8} = {48F51104-C1A9-46D7-B0F0-9C7889B5AA36}
		{48661F77-BD1B-4EF0-A093-B2A3F4E474C1} = {48F51104-C1A9-46D7-B0F0-9C7889B5AA36}
		{E4A8C4C9-CE71-4D6C-BB75-60D01811F1C8} = {48F51104-C1A9-46D7-B0F0-9C7889B5AA36}
		{293FC6D5-17B7-4893-916B-F6D6ABDA49AA} = {5E52A7A4-3D0F-414C-AC66-B879AFE6ADA6}
		{792497E1-9385-4258-8AF0-B9EFBBB21BB4} = {5E52A7A4-3D0F-414C-AC66-B879AFE6ADA6}
	EndGlobalSection
	GlobalSection(ExtensibilityGlobals) = postSolution
		SolutionGuid = {EF67CCD5-6CA2-4719-A9AC-843AD80B0F8A}
	EndGlobalSection
EndGlobal
